
Microsoft Visual Studio Solution File, Format Version 12.00
# Visual Studio Version 16
VisualStudioVersion = 16.0.30717.126
MinimumVisualStudioVersion = 10.0.40219.1
Project("{FAE04EC0-301F-11D3-BF4B-00C04F79EFBC}") = "ccs-sso-api", "ccs-sso-api.csproj", "{AD3E57FF-3964-495E-888C-4F451B878C53}"
EndProject
Global
	GlobalSection(SolutionConfigurationPlatforms) = preSolution
		Debug|Any CPU = Debug|Any CPU
		Release|Any CPU = Release|Any CPU
	EndGlobalSection
	GlobalSection(ProjectConfigurationPlatforms) = postSolution
		{AD3E57FF-3964-495E-888C-4F451B878C53}.Debug|Any CPU.ActiveCfg = Debug|Any CPU
		{AD3E57FF-3964-495E-888C-4F451B878C53}.Debug|Any CPU.Build.0 = Debug|Any CPU
		{AD3E57FF-3964-495E-888C-4F451B878C53}.Release|Any CPU.ActiveCfg = Release|Any CPU
		{AD3E57FF-3964-495E-888C-4F451B878C53}.Release|Any CPU.Build.0 = Release|Any CPU
	EndGlobalSection
	GlobalSection(SolutionProperties) = preSolution
		HideSolutionNode = FALSE
	EndGlobalSection
	GlobalSection(ExtensibilityGlobals) = postSolution
		SolutionGuid = {1EE2F339-56EA-459F-A21E-6ED42C6B3E56}
	EndGlobalSection
EndGlobal
