Microsoft Visual Studio Solution File, Format Version 12.00
# Visual Studio Version 17
VisualStudioVersion = 17.0.32014.148
MinimumVisualStudioVersion = 10.0.40219.1
Project("{9A19103F-16F7-4668-BE54-9A1E7A4F7556}") = "CcsSso.Core.Domain", "CcsSso.Core.Domain\CcsSso.Core.Domain.csproj", "{D744B43A-E231-4815-94D2-93D0CF4EF762}"
EndProject
Project("{9A19103F-16F7-4668-BE54-9A1E7A4F7556}") = "CcsSso.Core.Service", "CcsSso.Core.Service\CcsSso.Core.Service.csproj", "{2CCD6DF1-3FA4-4C50-AC31-3D98F21932A4}"
EndProject
Project("{2150E333-8FDC-42A3-9474-1A3956D46DE8}") = "Solution Items", "Solution Items", "{6E17DD98-FE2E-4FF6-82FD-8941F62C343A}"
	ProjectSection(SolutionItems) = preProject
		nuget.config = nuget.config
	EndProjectSection
EndProject
Project("{2150E333-8FDC-42A3-9474-1A3956D46DE8}") = "Core", "Core", "{179F7A96-5DE5-47E9-BC61-F5E4276EF60C}"
EndProject
Project("{9A19103F-16F7-4668-BE54-9A1E7A4F7556}") = "CcsSso.Shared.Cache", "CcsSso.Shared.Cache\CcsSso.Shared.Cache.csproj", "{B670C055-C2A6-4986-BBF3-9010D688B622}"
EndProject
Project("{2150E333-8FDC-42A3-9474-1A3956D46DE8}") = "Shared", "Shared", "{2DCCFE86-DDA6-4E1B-93EB-EDBF1670B77B}"
EndProject
Project("{9A19103F-16F7-4668-BE54-9A1E7A4F7556}") = "CcsSso.Shared", "CcsSso.Shared\CcsSso.Shared.csproj", "{93B60983-5040-466D-9C9E-98F53DDEE958}"
EndProject
Project("{9A19103F-16F7-4668-BE54-9A1E7A4F7556}") = "CcsSso.Core.JobScheduler", "CcsSso.Core.JobScheduler\CcsSso.Core.JobScheduler.csproj", "{264AF69F-A1FD-4B00-8FC1-9F8276E16600}"
EndProject
Project("{9A19103F-16F7-4668-BE54-9A1E7A4F7556}") = "CcsSso.Core.ReportingScheduler", "CcsSso.Core.ReportingScheduler\CcsSso.Core.ReportingScheduler.csproj", "{334BDF91-AA22-4583-B7D4-560876ACDA36}"
EndProject
Project("{9A19103F-16F7-4668-BE54-9A1E7A4F7556}") = "CcsSso.Core.PPONScheduler", "CcsSso.Core.PPONScheduler\CcsSso.Core.PPONScheduler.csproj", "{D826C306-249D-42DA-B275-A29AC540F269}"
EndProject
Project("{9A19103F-16F7-4668-BE54-9A1E7A4F7556}") = "CcsSso.Core.DelegationJobScheduler", "CcsSso.Core.DelegationJobScheduler\CcsSso.Core.DelegationJobScheduler.csproj", "{C10EC8CA-FE01-4399-B176-7822ED3837D3}"
EndProject
Project("{9A19103F-16F7-4668-BE54-9A1E7A4F7556}") = "CcsSso.Core.DataMigrationJobScheduler", "CcsSso.Core.DataMigrationJobScheduler\CcsSso.Core.DataMigrationJobScheduler.csproj", "{75F54C87-847C-4468-8E3A-2E9085031ED8}"
EndProject
Project("{9A19103F-16F7-4668-BE54-9A1E7A4F7556}") = "CcsSso.Core.DormancyJobScheduler", "CcsSso.Core.DormancyJobScheduler\CcsSso.Core.DormancyJobScheduler.csproj", "{B7728727-00F7-4D6C-BBE0-5554047EB38E}"
EndProject
Project("{FAE04EC0-301F-11D3-BF4B-00C04F79EFBC}") = "CcsSso.Core.DbModel", "CcsSso.Core.DbModel\CcsSso.Core.DbModel.csproj", "{4DAA3314-0EC8-A0F0-A54D-B85026472C76}"
EndProject
Global
	GlobalSection(SolutionConfigurationPlatforms) = preSolution
		Debug|Any CPU = Debug|Any CPU
		Release|Any CPU = Release|Any CPU
	EndGlobalSection
	GlobalSection(ProjectConfigurationPlatforms) = postSolution
		{D744B43A-E231-4815-94D2-93D0CF4EF762}.Debug|Any CPU.ActiveCfg = Debug|Any CPU
		{D744B43A-E231-4815-94D2-93D0CF4EF762}.Debug|Any CPU.Build.0 = Debug|Any CPU
		{D744B43A-E231-4815-94D2-93D0CF4EF762}.Release|Any CPU.ActiveCfg = Release|Any CPU
		{D744B43A-E231-4815-94D2-93D0CF4EF762}.Release|Any CPU.Build.0 = Release|Any CPU
		{2CCD6DF1-3FA4-4C50-AC31-3D98F21932A4}.Debug|Any CPU.ActiveCfg = Debug|Any CPU
		{2CCD6DF1-3FA4-4C50-AC31-3D98F21932A4}.Debug|Any CPU.Build.0 = Debug|Any CPU
		{2CCD6DF1-3FA4-4C50-AC31-3D98F21932A4}.Release|Any CPU.ActiveCfg = Release|Any CPU
		{2CCD6DF1-3FA4-4C50-AC31-3D98F21932A4}.Release|Any CPU.Build.0 = Release|Any CPU
		{B670C055-C2A6-4986-BBF3-9010D688B622}.Debug|Any CPU.ActiveCfg = Debug|Any CPU
		{B670C055-C2A6-4986-BBF3-9010D688B622}.Debug|Any CPU.Build.0 = Debug|Any CPU
		{B670C055-C2A6-4986-BBF3-9010D688B622}.Release|Any CPU.ActiveCfg = Release|Any CPU
		{B670C055-C2A6-4986-BBF3-9010D688B622}.Release|Any CPU.Build.0 = Release|Any CPU
		{93B60983-5040-466D-9C9E-98F53DDEE958}.Debug|Any CPU.ActiveCfg = Debug|Any CPU
		{93B60983-5040-466D-9C9E-98F53DDEE958}.Debug|Any CPU.Build.0 = Debug|Any CPU
		{93B60983-5040-466D-9C9E-98F53DDEE958}.Release|Any CPU.ActiveCfg = Release|Any CPU
		{93B60983-5040-466D-9C9E-98F53DDEE958}.Release|Any CPU.Build.0 = Release|Any CPU
		{264AF69F-A1FD-4B00-8FC1-9F8276E16600}.Debug|Any CPU.ActiveCfg = Debug|Any CPU
		{264AF69F-A1FD-4B00-8FC1-9F8276E16600}.Debug|Any CPU.Build.0 = Debug|Any CPU
		{264AF69F-A1FD-4B00-8FC1-9F8276E16600}.Release|Any CPU.ActiveCfg = Release|Any CPU
		{264AF69F-A1FD-4B00-8FC1-9F8276E16600}.Release|Any CPU.Build.0 = Release|Any CPU
		{334BDF91-AA22-4583-B7D4-560876ACDA36}.Debug|Any CPU.ActiveCfg = Debug|Any CPU
		{334BDF91-AA22-4583-B7D4-560876ACDA36}.Debug|Any CPU.Build.0 = Debug|Any CPU
		{334BDF91-AA22-4583-B7D4-560876ACDA36}.Release|Any CPU.ActiveCfg = Release|Any CPU
		{334BDF91-AA22-4583-B7D4-560876ACDA36}.Release|Any CPU.Build.0 = Release|Any CPU
		{D826C306-249D-42DA-B275-A29AC540F269}.Debug|Any CPU.ActiveCfg = Debug|Any CPU
		{D826C306-249D-42DA-B275-A29AC540F269}.Debug|Any CPU.Build.0 = Debug|Any CPU
		{D826C306-249D-42DA-B275-A29AC540F269}.Release|Any CPU.ActiveCfg = Release|Any CPU
		{D826C306-249D-42DA-B275-A29AC540F269}.Release|Any CPU.Build.0 = Release|Any CPU
		{C10EC8CA-FE01-4399-B176-7822ED3837D3}.Debug|Any CPU.ActiveCfg = Debug|Any CPU
		{C10EC8CA-FE01-4399-B176-7822ED3837D3}.Debug|Any CPU.Build.0 = Debug|Any CPU
		{C10EC8CA-FE01-4399-B176-7822ED3837D3}.Release|Any CPU.ActiveCfg = Release|Any CPU
		{C10EC8CA-FE01-4399-B176-7822ED3837D3}.Release|Any CPU.Build.0 = Release|Any CPU
		{75F54C87-847C-4468-8E3A-2E9085031ED8}.Debug|Any CPU.ActiveCfg = Debug|Any CPU
		{75F54C87-847C-4468-8E3A-2E9085031ED8}.Debug|Any CPU.Build.0 = Debug|Any CPU
		{75F54C87-847C-4468-8E3A-2E9085031ED8}.Release|Any CPU.ActiveCfg = Release|Any CPU
		{75F54C87-847C-4468-8E3A-2E9085031ED8}.Release|Any CPU.Build.0 = Release|Any CPU
		{B7728727-00F7-4D6C-BBE0-5554047EB38E}.Debug|Any CPU.ActiveCfg = Debug|Any CPU
		{B7728727-00F7-4D6C-BBE0-5554047EB38E}.Debug|Any CPU.Build.0 = Debug|Any CPU
		{B7728727-00F7-4D6C-BBE0-5554047EB38E}.Release|Any CPU.ActiveCfg = Release|Any CPU
		{B7728727-00F7-4D6C-BBE0-5554047EB38E}.Release|Any CPU.Build.0 = Release|Any CPU
		{4DAA3314-0EC8-A0F0-A54D-B85026472C76}.Debug|Any CPU.ActiveCfg = Debug|Any CPU
		{4DAA3314-0EC8-A0F0-A54D-B85026472C76}.Debug|Any CPU.Build.0 = Debug|Any CPU
		{4DAA3314-0EC8-A0F0-A54D-B85026472C76}.Release|Any CPU.ActiveCfg = Release|Any CPU
		{4DAA3314-0EC8-A0F0-A54D-B85026472C76}.Release|Any CPU.Build.0 = Release|Any CPU
	EndGlobalSection
	GlobalSection(SolutionProperties) = preSolution
		HideSolutionNode = FALSE
	EndGlobalSection
	GlobalSection(NestedProjects) = preSolution
		{D744B43A-E231-4815-94D2-93D0CF4EF762} = {179F7A96-5DE5-47E9-BC61-F5E4276EF60C}
		{2CCD6DF1-3FA4-4C50-AC31-3D98F21932A4} = {179F7A96-5DE5-47E9-BC61-F5E4276EF60C}
		{B670C055-C2A6-4986-BBF3-9010D688B622} = {2DCCFE86-DDA6-4E1B-93EB-EDBF1670B77B}
		{93B60983-5040-466D-9C9E-98F53DDEE958} = {2DCCFE86-DDA6-4E1B-93EB-EDBF1670B77B}
		{264AF69F-A1FD-4B00-8FC1-9F8276E16600} = {179F7A96-5DE5-47E9-BC61-F5E4276EF60C}
		{334BDF91-AA22-4583-B7D4-560876ACDA36} = {179F7A96-5DE5-47E9-BC61-F5E4276EF60C}
		{D826C306-249D-42DA-B275-A29AC540F269} = {179F7A96-5DE5-47E9-BC61-F5E4276EF60C}
		{C10EC8CA-FE01-4399-B176-7822ED3837D3} = {179F7A96-5DE5-47E9-BC61-F5E4276EF60C}
		{75F54C87-847C-4468-8E3A-2E9085031ED8} = {179F7A96-5DE5-47E9-BC61-F5E4276EF60C}
		{B7728727-00F7-4D6C-BBE0-5554047EB38E} = {179F7A96-5DE5-47E9-BC61-F5E4276EF60C}
		{4DAA3314-0EC8-A0F0-A54D-B85026472C76} = {179F7A96-5DE5-47E9-BC61-F5E4276EF60C}
	EndGlobalSection
	GlobalSection(ExtensibilityGlobals) = postSolution
		SolutionGuid = {37B13717-0A0F-4D37-A3DA-BA346AE5D064}
	EndGlobalSection
EndGlobal
