
Microsoft Visual Studio Solution File, Format Version 12.00
# Visual Studio Version 17
VisualStudioVersion = 17.0.32014.148
MinimumVisualStudioVersion = 10.0.40219.1
Project("{9A19103F-16F7-4668-BE54-9A1E7A4F7556}") = "CcsSso.Core.Api", "CcsSso.Core.Api\CcsSso.Core.Api.csproj", "{2A445B86-7346-4965-8C64-0CAAF5438ABA}"
EndProject
Project("{9A19103F-16F7-4668-BE54-9A1E7A4F7556}") = "CcsSso.Core.Domain", "CcsSso.Core.Domain\CcsSso.Core.Domain.csproj", "{D744B43A-E231-4815-94D2-93D0CF4EF762}"
EndProject
Project("{9A19103F-16F7-4668-BE54-9A1E7A4F7556}") = "CcsSso.Core.Service", "CcsSso.Core.Service\CcsSso.Core.Service.csproj", "{2CCD6DF1-3FA4-4C50-AC31-3D98F21932A4}"
EndProject
Project("{9A19103F-16F7-4668-BE54-9A1E7A4F7556}") = "CcsSso.Core.DbModel", "CcsSso.Core.DbModel\CcsSso.Core.DbModel.csproj", "{A1F4FAC2-C80D-4DFE-8262-DA2CC3B7F0C0}"
EndProject
Project("{9A19103F-16F7-4668-BE54-9A1E7A4F7556}") = "CcsSso.Core.DbPersistence", "CcsSso.Core.DbPersistence\CcsSso.Core.DbPersistence.csproj", "{E17D409E-5C18-4863-8BC5-A619940CA935}"
EndProject
Project("{9A19103F-16F7-4668-BE54-9A1E7A4F7556}") = "CcsSso.Core.DbMigrations", "CcsSso.Core.DbMigrations\CcsSso.Core.DbMigrations.csproj", "{07E7D5BB-7BF5-4161-A977-A5B6BA970CC7}"
EndProject
Project("{9A19103F-16F7-4668-BE54-9A1E7A4F7556}") = "CcsSso.Core.Tests", "CcsSso.Core.Tests\CcsSso.Core.Tests.csproj", "{6A4D1456-FCA3-425A-8FF6-DB0304248B99}"
EndProject
Project("{9A19103F-16F7-4668-BE54-9A1E7A4F7556}") = "CcsSso.Core.ExternalApi", "CcsSso.Core.ExternalApi\CcsSso.Core.ExternalApi.csproj", "{6C57DD70-18E2-4763-BD74-8B21B0B1060D}"
EndProject
Project("{9A19103F-16F7-4668-BE54-9A1E7A4F7556}") = "CcsSso.Security.Domain", "CcsSso.Security.Domain\CcsSso.Security.Domain.csproj", "{1293F5A4-8752-4E79-BDEB-C43D991315AD}"
EndProject
Project("{9A19103F-16F7-4668-BE54-9A1E7A4F7556}") = "CcsSso.Security.Services", "CcsSso.Security.Services\CcsSso.Security.Services.csproj", "{9EF6247A-4558-496D-A543-945705692004}"
EndProject
Project("{9A19103F-16F7-4668-BE54-9A1E7A4F7556}") = "CcsSso.Security.Api", "CcsSso.Security.Api\CcsSso.Security.Api.csproj", "{5ECF726A-CF75-45C2-B23F-5CB33A601544}"
EndProject
Project("{9A19103F-16F7-4668-BE54-9A1E7A4F7556}") = "CcsSso.Security.Tests", "CcsSso.Security.Tests\CcsSso.Security.Tests.csproj", "{B6598538-BA6C-475B-A65A-6858F2FF1706}"
EndProject
Project("{9A19103F-16F7-4668-BE54-9A1E7A4F7556}") = "CcsSso.Security.Logs", "CcsSso.Security.Logs\CcsSso.Security.Logs.csproj", "{21905702-BA12-4EA8-9C42-D3713191A210}"
EndProject
Project("{2150E333-8FDC-42A3-9474-1A3956D46DE8}") = "Solution Items", "Solution Items", "{6E17DD98-FE2E-4FF6-82FD-8941F62C343A}"
	ProjectSection(SolutionItems) = preProject
		nuget.config = nuget.config
	EndProjectSection
EndProject
Project("{2150E333-8FDC-42A3-9474-1A3956D46DE8}") = "Core", "Core", "{179F7A96-5DE5-47E9-BC61-F5E4276EF60C}"
EndProject
Project("{2150E333-8FDC-42A3-9474-1A3956D46DE8}") = "Security", "Security", "{259CE2FE-4058-48E9-A804-7108C34A001E}"
EndProject
Project("{2150E333-8FDC-42A3-9474-1A3956D46DE8}") = "DataAccess", "DataAccess", "{B70DF289-C7B3-4B67-B72C-DAA964724C4F}"
EndProject
Project("{2150E333-8FDC-42A3-9474-1A3956D46DE8}") = "External", "External", "{EE82BB63-2383-467B-A056-06EC3CEF5217}"
EndProject
Project("{9A19103F-16F7-4668-BE54-9A1E7A4F7556}") = "CcsSso.Shared.Cache", "CcsSso.Shared.Cache\CcsSso.Shared.Cache.csproj", "{B670C055-C2A6-4986-BBF3-9010D688B622}"
EndProject
Project("{9A19103F-16F7-4668-BE54-9A1E7A4F7556}") = "CcsSso.Shared.Logger", "CcsSso.Shared.Logger\CcsSso.Shared.Logger.csproj", "{A8122D75-BB79-4B11-9200-EC1F271BC328}"
EndProject
Project("{2150E333-8FDC-42A3-9474-1A3956D46DE8}") = "Shared", "Shared", "{2DCCFE86-DDA6-4E1B-93EB-EDBF1670B77B}"
EndProject
Project("{9A19103F-16F7-4668-BE54-9A1E7A4F7556}") = "CcsSso.Shared", "CcsSso.Shared\CcsSso.Shared.csproj", "{93B60983-5040-466D-9C9E-98F53DDEE958}"
EndProject
Project("{9A19103F-16F7-4668-BE54-9A1E7A4F7556}") = "CcsSso.Security.DbMigrations", "CcsSso.Security.DbMigrations\CcsSso.Security.DbMigrations.csproj", "{8FAA7215-8E87-49E7-8FA2-8914C0132EBF}"
EndProject
Project("{9A19103F-16F7-4668-BE54-9A1E7A4F7556}") = "CcsSso.Security.DbPersistence", "CcsSso.Security.DbPersistence\CcsSso.Security.DbPersistence.csproj", "{344B95D5-46C9-45F5-B0B1-D41B6D249663}"
EndProject
Project("{9A19103F-16F7-4668-BE54-9A1E7A4F7556}") = "CcsSso.Core.JobScheduler", "CcsSso.Core.JobScheduler\CcsSso.Core.JobScheduler.csproj", "{264AF69F-A1FD-4B00-8FC1-9F8276E16600}"
EndProject
Project("{2150E333-8FDC-42A3-9474-1A3956D46DE8}") = "Adaptor", "Adaptor", "{194B07C8-F0A8-4EF8-B266-52755DB8639C}"
EndProject
Project("{9A19103F-16F7-4668-BE54-9A1E7A4F7556}") = "CcsSso.Adaptor.Api", "CcsSso.Adaptor.Api\CcsSso.Adaptor.Api.csproj", "{403E6B3D-DA2F-4C69-8E1C-D443B7DED1BE}"
EndProject
Project("{9A19103F-16F7-4668-BE54-9A1E7A4F7556}") = "CcsSso.Adaptor.Domain", "CcsSso.Adaptor.Domain\CcsSso.Adaptor.Domain.csproj", "{B5D02227-E5C6-4384-91D9-54436EAFA96E}"
EndProject
Project("{9A19103F-16F7-4668-BE54-9A1E7A4F7556}") = "CcsSso.Adaptor.Service", "CcsSso.Adaptor.Service\CcsSso.Adaptor.Service.csproj", "{C86DB6E0-937A-45F7-8CB4-48FBE41B918E}"
EndProject
Project("{9A19103F-16F7-4668-BE54-9A1E7A4F7556}") = "CcsSso.Adaptor.DbPersistence", "CcsSso.Adaptor.DbPersistence\CcsSso.Adaptor.DbPersistence.csproj", "{532B719E-3665-4BFF-BE56-1F39E3A4B5E3}"
EndProject
Project("{9A19103F-16F7-4668-BE54-9A1E7A4F7556}") = "CcsSso.Adaptor.DbMigration", "CcsSso.Adaptor.DbMigration\CcsSso.Adaptor.DbMigration.csproj", "{85E29A4E-6062-48F9-8054-7FF98581E1A5}"
EndProject
Project("{9A19103F-16F7-4668-BE54-9A1E7A4F7556}") = "CcsSso.Adaptor.DbDomain", "CcsSso.Adaptor.DbDomain\CcsSso.Adaptor.DbDomain.csproj", "{82E1801E-FA96-4E98-AD9C-854D01558FB3}"
EndProject
Project("{9A19103F-16F7-4668-BE54-9A1E7A4F7556}") = "CcsSso.Adaptor.Tests", "CcsSso.Adaptor.Tests\CcsSso.Adaptor.Tests.csproj", "{742D2507-8A8B-43CF-AAC6-DACB229D0839}"
EndProject
Project("{9A19103F-16F7-4668-BE54-9A1E7A4F7556}") = "CcsSso.Adaptor.SqsListener", "CcsSso.Adaptor.SqsListener\CcsSso.Adaptor.SqsListener.csproj", "{CC7F0319-FB69-499F-A991-8E8C4BFE80E0}"
EndProject
Project("{9A19103F-16F7-4668-BE54-9A1E7A4F7556}") = "CcsSso.Core.ReportingScheduler", "CcsSso.Core.ReportingScheduler\CcsSso.Core.ReportingScheduler.csproj", "{334BDF91-AA22-4583-B7D4-560876ACDA36}"
EndProject
Project("{9A19103F-16F7-4668-BE54-9A1E7A4F7556}") = "CcsSso.Core.ServiceOnboardingScheduler", "CcsSso.Core.ServiceOnboardingScheduler\CcsSso.Core.ServiceOnboardingScheduler.csproj", "{EBC3F606-77A2-4E94-AC2B-060C3A5CE1E7}"
EndProject
Project("{9A19103F-16F7-4668-BE54-9A1E7A4F7556}") = "CcsSso.Core.BSIRolesRemovalOneTimeJob", "BSIRolesRemovalOneTimeJob\CcsSso.Core.BSIRolesRemovalOneTimeJob.csproj", "{219802C2-39AF-4890-964A-D9FE976FDD97}"
EndProject
Global
	GlobalSection(SolutionConfigurationPlatforms) = preSolution
		Debug|Any CPU = Debug|Any CPU
		Release|Any CPU = Release|Any CPU
	EndGlobalSection
	GlobalSection(ProjectConfigurationPlatforms) = postSolution
		{2A445B86-7346-4965-8C64-0CAAF5438ABA}.Debug|Any CPU.ActiveCfg = Debug|Any CPU
		{2A445B86-7346-4965-8C64-0CAAF5438ABA}.Debug|Any CPU.Build.0 = Debug|Any CPU
		{2A445B86-7346-4965-8C64-0CAAF5438ABA}.Release|Any CPU.ActiveCfg = Release|Any CPU
		{2A445B86-7346-4965-8C64-0CAAF5438ABA}.Release|Any CPU.Build.0 = Release|Any CPU
		{D744B43A-E231-4815-94D2-93D0CF4EF762}.Debug|Any CPU.ActiveCfg = Debug|Any CPU
		{D744B43A-E231-4815-94D2-93D0CF4EF762}.Debug|Any CPU.Build.0 = Debug|Any CPU
		{D744B43A-E231-4815-94D2-93D0CF4EF762}.Release|Any CPU.ActiveCfg = Release|Any CPU
		{D744B43A-E231-4815-94D2-93D0CF4EF762}.Release|Any CPU.Build.0 = Release|Any CPU
		{2CCD6DF1-3FA4-4C50-AC31-3D98F21932A4}.Debug|Any CPU.ActiveCfg = Debug|Any CPU
		{2CCD6DF1-3FA4-4C50-AC31-3D98F21932A4}.Debug|Any CPU.Build.0 = Debug|Any CPU
		{2CCD6DF1-3FA4-4C50-AC31-3D98F21932A4}.Release|Any CPU.ActiveCfg = Release|Any CPU
		{2CCD6DF1-3FA4-4C50-AC31-3D98F21932A4}.Release|Any CPU.Build.0 = Release|Any CPU
		{A1F4FAC2-C80D-4DFE-8262-DA2CC3B7F0C0}.Debug|Any CPU.ActiveCfg = Debug|Any CPU
		{A1F4FAC2-C80D-4DFE-8262-DA2CC3B7F0C0}.Debug|Any CPU.Build.0 = Debug|Any CPU
		{A1F4FAC2-C80D-4DFE-8262-DA2CC3B7F0C0}.Release|Any CPU.ActiveCfg = Release|Any CPU
		{A1F4FAC2-C80D-4DFE-8262-DA2CC3B7F0C0}.Release|Any CPU.Build.0 = Release|Any CPU
		{E17D409E-5C18-4863-8BC5-A619940CA935}.Debug|Any CPU.ActiveCfg = Debug|Any CPU
		{E17D409E-5C18-4863-8BC5-A619940CA935}.Debug|Any CPU.Build.0 = Debug|Any CPU
		{E17D409E-5C18-4863-8BC5-A619940CA935}.Release|Any CPU.ActiveCfg = Release|Any CPU
		{E17D409E-5C18-4863-8BC5-A619940CA935}.Release|Any CPU.Build.0 = Release|Any CPU
		{07E7D5BB-7BF5-4161-A977-A5B6BA970CC7}.Debug|Any CPU.ActiveCfg = Debug|Any CPU
		{07E7D5BB-7BF5-4161-A977-A5B6BA970CC7}.Debug|Any CPU.Build.0 = Debug|Any CPU
		{07E7D5BB-7BF5-4161-A977-A5B6BA970CC7}.Release|Any CPU.ActiveCfg = Release|Any CPU
		{07E7D5BB-7BF5-4161-A977-A5B6BA970CC7}.Release|Any CPU.Build.0 = Release|Any CPU
		{6A4D1456-FCA3-425A-8FF6-DB0304248B99}.Debug|Any CPU.ActiveCfg = Debug|Any CPU
		{6A4D1456-FCA3-425A-8FF6-DB0304248B99}.Debug|Any CPU.Build.0 = Debug|Any CPU
		{6A4D1456-FCA3-425A-8FF6-DB0304248B99}.Release|Any CPU.ActiveCfg = Release|Any CPU
		{6A4D1456-FCA3-425A-8FF6-DB0304248B99}.Release|Any CPU.Build.0 = Release|Any CPU
		{6C57DD70-18E2-4763-BD74-8B21B0B1060D}.Debug|Any CPU.ActiveCfg = Debug|Any CPU
		{6C57DD70-18E2-4763-BD74-8B21B0B1060D}.Debug|Any CPU.Build.0 = Debug|Any CPU
		{6C57DD70-18E2-4763-BD74-8B21B0B1060D}.Release|Any CPU.ActiveCfg = Release|Any CPU
		{6C57DD70-18E2-4763-BD74-8B21B0B1060D}.Release|Any CPU.Build.0 = Release|Any CPU
		{1293F5A4-8752-4E79-BDEB-C43D991315AD}.Debug|Any CPU.ActiveCfg = Debug|Any CPU
		{1293F5A4-8752-4E79-BDEB-C43D991315AD}.Debug|Any CPU.Build.0 = Debug|Any CPU
		{1293F5A4-8752-4E79-BDEB-C43D991315AD}.Release|Any CPU.ActiveCfg = Release|Any CPU
		{1293F5A4-8752-4E79-BDEB-C43D991315AD}.Release|Any CPU.Build.0 = Release|Any CPU
		{9EF6247A-4558-496D-A543-945705692004}.Debug|Any CPU.ActiveCfg = Debug|Any CPU
		{9EF6247A-4558-496D-A543-945705692004}.Debug|Any CPU.Build.0 = Debug|Any CPU
		{9EF6247A-4558-496D-A543-945705692004}.Release|Any CPU.ActiveCfg = Release|Any CPU
		{9EF6247A-4558-496D-A543-945705692004}.Release|Any CPU.Build.0 = Release|Any CPU
		{5ECF726A-CF75-45C2-B23F-5CB33A601544}.Debug|Any CPU.ActiveCfg = Debug|Any CPU
		{5ECF726A-CF75-45C2-B23F-5CB33A601544}.Debug|Any CPU.Build.0 = Debug|Any CPU
		{5ECF726A-CF75-45C2-B23F-5CB33A601544}.Release|Any CPU.ActiveCfg = Release|Any CPU
		{5ECF726A-CF75-45C2-B23F-5CB33A601544}.Release|Any CPU.Build.0 = Release|Any CPU
		{B6598538-BA6C-475B-A65A-6858F2FF1706}.Debug|Any CPU.ActiveCfg = Debug|Any CPU
		{B6598538-BA6C-475B-A65A-6858F2FF1706}.Debug|Any CPU.Build.0 = Debug|Any CPU
		{B6598538-BA6C-475B-A65A-6858F2FF1706}.Release|Any CPU.ActiveCfg = Release|Any CPU
		{B6598538-BA6C-475B-A65A-6858F2FF1706}.Release|Any CPU.Build.0 = Release|Any CPU
		{21905702-BA12-4EA8-9C42-D3713191A210}.Debug|Any CPU.ActiveCfg = Debug|Any CPU
		{21905702-BA12-4EA8-9C42-D3713191A210}.Debug|Any CPU.Build.0 = Debug|Any CPU
		{21905702-BA12-4EA8-9C42-D3713191A210}.Release|Any CPU.ActiveCfg = Release|Any CPU
		{21905702-BA12-4EA8-9C42-D3713191A210}.Release|Any CPU.Build.0 = Release|Any CPU
		{B670C055-C2A6-4986-BBF3-9010D688B622}.Debug|Any CPU.ActiveCfg = Debug|Any CPU
		{B670C055-C2A6-4986-BBF3-9010D688B622}.Debug|Any CPU.Build.0 = Debug|Any CPU
		{B670C055-C2A6-4986-BBF3-9010D688B622}.Release|Any CPU.ActiveCfg = Release|Any CPU
		{B670C055-C2A6-4986-BBF3-9010D688B622}.Release|Any CPU.Build.0 = Release|Any CPU
		{A8122D75-BB79-4B11-9200-EC1F271BC328}.Debug|Any CPU.ActiveCfg = Debug|Any CPU
		{A8122D75-BB79-4B11-9200-EC1F271BC328}.Debug|Any CPU.Build.0 = Debug|Any CPU
		{A8122D75-BB79-4B11-9200-EC1F271BC328}.Release|Any CPU.ActiveCfg = Release|Any CPU
		{A8122D75-BB79-4B11-9200-EC1F271BC328}.Release|Any CPU.Build.0 = Release|Any CPU
		{93B60983-5040-466D-9C9E-98F53DDEE958}.Debug|Any CPU.ActiveCfg = Debug|Any CPU
		{93B60983-5040-466D-9C9E-98F53DDEE958}.Debug|Any CPU.Build.0 = Debug|Any CPU
		{93B60983-5040-466D-9C9E-98F53DDEE958}.Release|Any CPU.ActiveCfg = Release|Any CPU
		{93B60983-5040-466D-9C9E-98F53DDEE958}.Release|Any CPU.Build.0 = Release|Any CPU
		{8FAA7215-8E87-49E7-8FA2-8914C0132EBF}.Debug|Any CPU.ActiveCfg = Debug|Any CPU
		{8FAA7215-8E87-49E7-8FA2-8914C0132EBF}.Debug|Any CPU.Build.0 = Debug|Any CPU
		{8FAA7215-8E87-49E7-8FA2-8914C0132EBF}.Release|Any CPU.ActiveCfg = Release|Any CPU
		{8FAA7215-8E87-49E7-8FA2-8914C0132EBF}.Release|Any CPU.Build.0 = Release|Any CPU
		{344B95D5-46C9-45F5-B0B1-D41B6D249663}.Debug|Any CPU.ActiveCfg = Debug|Any CPU
		{344B95D5-46C9-45F5-B0B1-D41B6D249663}.Debug|Any CPU.Build.0 = Debug|Any CPU
		{344B95D5-46C9-45F5-B0B1-D41B6D249663}.Release|Any CPU.ActiveCfg = Release|Any CPU
		{344B95D5-46C9-45F5-B0B1-D41B6D249663}.Release|Any CPU.Build.0 = Release|Any CPU
		{264AF69F-A1FD-4B00-8FC1-9F8276E16600}.Debug|Any CPU.ActiveCfg = Debug|Any CPU
		{264AF69F-A1FD-4B00-8FC1-9F8276E16600}.Debug|Any CPU.Build.0 = Debug|Any CPU
		{264AF69F-A1FD-4B00-8FC1-9F8276E16600}.Release|Any CPU.ActiveCfg = Release|Any CPU
		{264AF69F-A1FD-4B00-8FC1-9F8276E16600}.Release|Any CPU.Build.0 = Release|Any CPU
		{403E6B3D-DA2F-4C69-8E1C-D443B7DED1BE}.Debug|Any CPU.ActiveCfg = Debug|Any CPU
		{403E6B3D-DA2F-4C69-8E1C-D443B7DED1BE}.Debug|Any CPU.Build.0 = Debug|Any CPU
		{403E6B3D-DA2F-4C69-8E1C-D443B7DED1BE}.Release|Any CPU.ActiveCfg = Release|Any CPU
		{403E6B3D-DA2F-4C69-8E1C-D443B7DED1BE}.Release|Any CPU.Build.0 = Release|Any CPU
		{B5D02227-E5C6-4384-91D9-54436EAFA96E}.Debug|Any CPU.ActiveCfg = Debug|Any CPU
		{B5D02227-E5C6-4384-91D9-54436EAFA96E}.Debug|Any CPU.Build.0 = Debug|Any CPU
		{B5D02227-E5C6-4384-91D9-54436EAFA96E}.Release|Any CPU.ActiveCfg = Release|Any CPU
		{B5D02227-E5C6-4384-91D9-54436EAFA96E}.Release|Any CPU.Build.0 = Release|Any CPU
		{C86DB6E0-937A-45F7-8CB4-48FBE41B918E}.Debug|Any CPU.ActiveCfg = Debug|Any CPU
		{C86DB6E0-937A-45F7-8CB4-48FBE41B918E}.Debug|Any CPU.Build.0 = Debug|Any CPU
		{C86DB6E0-937A-45F7-8CB4-48FBE41B918E}.Release|Any CPU.ActiveCfg = Release|Any CPU
		{C86DB6E0-937A-45F7-8CB4-48FBE41B918E}.Release|Any CPU.Build.0 = Release|Any CPU
		{532B719E-3665-4BFF-BE56-1F39E3A4B5E3}.Debug|Any CPU.ActiveCfg = Debug|Any CPU
		{532B719E-3665-4BFF-BE56-1F39E3A4B5E3}.Debug|Any CPU.Build.0 = Debug|Any CPU
		{532B719E-3665-4BFF-BE56-1F39E3A4B5E3}.Release|Any CPU.ActiveCfg = Release|Any CPU
		{532B719E-3665-4BFF-BE56-1F39E3A4B5E3}.Release|Any CPU.Build.0 = Release|Any CPU
		{85E29A4E-6062-48F9-8054-7FF98581E1A5}.Debug|Any CPU.ActiveCfg = Debug|Any CPU
		{85E29A4E-6062-48F9-8054-7FF98581E1A5}.Debug|Any CPU.Build.0 = Debug|Any CPU
		{85E29A4E-6062-48F9-8054-7FF98581E1A5}.Release|Any CPU.ActiveCfg = Release|Any CPU
		{85E29A4E-6062-48F9-8054-7FF98581E1A5}.Release|Any CPU.Build.0 = Release|Any CPU
		{82E1801E-FA96-4E98-AD9C-854D01558FB3}.Debug|Any CPU.ActiveCfg = Debug|Any CPU
		{82E1801E-FA96-4E98-AD9C-854D01558FB3}.Debug|Any CPU.Build.0 = Debug|Any CPU
		{82E1801E-FA96-4E98-AD9C-854D01558FB3}.Release|Any CPU.ActiveCfg = Release|Any CPU
		{82E1801E-FA96-4E98-AD9C-854D01558FB3}.Release|Any CPU.Build.0 = Release|Any CPU
		{742D2507-8A8B-43CF-AAC6-DACB229D0839}.Debug|Any CPU.ActiveCfg = Debug|Any CPU
		{742D2507-8A8B-43CF-AAC6-DACB229D0839}.Debug|Any CPU.Build.0 = Debug|Any CPU
		{742D2507-8A8B-43CF-AAC6-DACB229D0839}.Release|Any CPU.ActiveCfg = Release|Any CPU
		{742D2507-8A8B-43CF-AAC6-DACB229D0839}.Release|Any CPU.Build.0 = Release|Any CPU
		{CC7F0319-FB69-499F-A991-8E8C4BFE80E0}.Debug|Any CPU.ActiveCfg = Debug|Any CPU
		{CC7F0319-FB69-499F-A991-8E8C4BFE80E0}.Debug|Any CPU.Build.0 = Debug|Any CPU
		{CC7F0319-FB69-499F-A991-8E8C4BFE80E0}.Release|Any CPU.ActiveCfg = Release|Any CPU
		{CC7F0319-FB69-499F-A991-8E8C4BFE80E0}.Release|Any CPU.Build.0 = Release|Any CPU
		{334BDF91-AA22-4583-B7D4-560876ACDA36}.Debug|Any CPU.ActiveCfg = Debug|Any CPU
		{334BDF91-AA22-4583-B7D4-560876ACDA36}.Debug|Any CPU.Build.0 = Debug|Any CPU
		{334BDF91-AA22-4583-B7D4-560876ACDA36}.Release|Any CPU.ActiveCfg = Release|Any CPU
		{334BDF91-AA22-4583-B7D4-560876ACDA36}.Release|Any CPU.Build.0 = Release|Any CPU
		{EBC3F606-77A2-4E94-AC2B-060C3A5CE1E7}.Debug|Any CPU.ActiveCfg = Debug|Any CPU
		{EBC3F606-77A2-4E94-AC2B-060C3A5CE1E7}.Debug|Any CPU.Build.0 = Debug|Any CPU
		{EBC3F606-77A2-4E94-AC2B-060C3A5CE1E7}.Release|Any CPU.ActiveCfg = Release|Any CPU
		{EBC3F606-77A2-4E94-AC2B-060C3A5CE1E7}.Release|Any CPU.Build.0 = Release|Any CPU
		{219802C2-39AF-4890-964A-D9FE976FDD97}.Debug|Any CPU.ActiveCfg = Debug|Any CPU
		{219802C2-39AF-4890-964A-D9FE976FDD97}.Debug|Any CPU.Build.0 = Debug|Any CPU
		{219802C2-39AF-4890-964A-D9FE976FDD97}.Release|Any CPU.ActiveCfg = Release|Any CPU
		{219802C2-39AF-4890-964A-D9FE976FDD97}.Release|Any CPU.Build.0 = Release|Any CPU
	EndGlobalSection
	GlobalSection(SolutionProperties) = preSolution
		HideSolutionNode = FALSE
	EndGlobalSection
	GlobalSection(NestedProjects) = preSolution
		{2A445B86-7346-4965-8C64-0CAAF5438ABA} = {179F7A96-5DE5-47E9-BC61-F5E4276EF60C}
		{D744B43A-E231-4815-94D2-93D0CF4EF762} = {179F7A96-5DE5-47E9-BC61-F5E4276EF60C}
		{2CCD6DF1-3FA4-4C50-AC31-3D98F21932A4} = {179F7A96-5DE5-47E9-BC61-F5E4276EF60C}
		{A1F4FAC2-C80D-4DFE-8262-DA2CC3B7F0C0} = {179F7A96-5DE5-47E9-BC61-F5E4276EF60C}
		{E17D409E-5C18-4863-8BC5-A619940CA935} = {179F7A96-5DE5-47E9-BC61-F5E4276EF60C}
		{07E7D5BB-7BF5-4161-A977-A5B6BA970CC7} = {179F7A96-5DE5-47E9-BC61-F5E4276EF60C}
		{6A4D1456-FCA3-425A-8FF6-DB0304248B99} = {179F7A96-5DE5-47E9-BC61-F5E4276EF60C}
		{6C57DD70-18E2-4763-BD74-8B21B0B1060D} = {EE82BB63-2383-467B-A056-06EC3CEF5217}
		{1293F5A4-8752-4E79-BDEB-C43D991315AD} = {259CE2FE-4058-48E9-A804-7108C34A001E}
		{9EF6247A-4558-496D-A543-945705692004} = {259CE2FE-4058-48E9-A804-7108C34A001E}
		{5ECF726A-CF75-45C2-B23F-5CB33A601544} = {259CE2FE-4058-48E9-A804-7108C34A001E}
		{B6598538-BA6C-475B-A65A-6858F2FF1706} = {259CE2FE-4058-48E9-A804-7108C34A001E}
		{21905702-BA12-4EA8-9C42-D3713191A210} = {259CE2FE-4058-48E9-A804-7108C34A001E}
		{B670C055-C2A6-4986-BBF3-9010D688B622} = {2DCCFE86-DDA6-4E1B-93EB-EDBF1670B77B}
		{A8122D75-BB79-4B11-9200-EC1F271BC328} = {2DCCFE86-DDA6-4E1B-93EB-EDBF1670B77B}
		{93B60983-5040-466D-9C9E-98F53DDEE958} = {2DCCFE86-DDA6-4E1B-93EB-EDBF1670B77B}
		{8FAA7215-8E87-49E7-8FA2-8914C0132EBF} = {259CE2FE-4058-48E9-A804-7108C34A001E}
		{344B95D5-46C9-45F5-B0B1-D41B6D249663} = {259CE2FE-4058-48E9-A804-7108C34A001E}
		{264AF69F-A1FD-4B00-8FC1-9F8276E16600} = {179F7A96-5DE5-47E9-BC61-F5E4276EF60C}
		{403E6B3D-DA2F-4C69-8E1C-D443B7DED1BE} = {194B07C8-F0A8-4EF8-B266-52755DB8639C}
		{B5D02227-E5C6-4384-91D9-54436EAFA96E} = {194B07C8-F0A8-4EF8-B266-52755DB8639C}
		{C86DB6E0-937A-45F7-8CB4-48FBE41B918E} = {194B07C8-F0A8-4EF8-B266-52755DB8639C}
		{532B719E-3665-4BFF-BE56-1F39E3A4B5E3} = {194B07C8-F0A8-4EF8-B266-52755DB8639C}
		{85E29A4E-6062-48F9-8054-7FF98581E1A5} = {194B07C8-F0A8-4EF8-B266-52755DB8639C}
		{82E1801E-FA96-4E98-AD9C-854D01558FB3} = {194B07C8-F0A8-4EF8-B266-52755DB8639C}
		{742D2507-8A8B-43CF-AAC6-DACB229D0839} = {194B07C8-F0A8-4EF8-B266-52755DB8639C}
		{CC7F0319-FB69-499F-A991-8E8C4BFE80E0} = {194B07C8-F0A8-4EF8-B266-52755DB8639C}
		{334BDF91-AA22-4583-B7D4-560876ACDA36} = {179F7A96-5DE5-47E9-BC61-F5E4276EF60C}
		{EBC3F606-77A2-4E94-AC2B-060C3A5CE1E7} = {179F7A96-5DE5-47E9-BC61-F5E4276EF60C}
		{219802C2-39AF-4890-964A-D9FE976FDD97} = {179F7A96-5DE5-47E9-BC61-F5E4276EF60C}
	EndGlobalSection
	GlobalSection(ExtensibilityGlobals) = postSolution
		SolutionGuid = {37B13717-0A0F-4D37-A3DA-BA346AE5D064}
	EndGlobalSection
EndGlobal